{
	"name": "PropertyApp",
	"lockfileVersion": 3,
	"requires": true,
	"packages": {
		"": {
			"dependencies": {
				"file-saver": "^2.0.5",
				"vue-jsonp": "^2.1.0"
			}
		},
		"node_modules/file-saver": {
			"version": "2.0.5",
			"resolved": "https://registry.npmjs.org/file-saver/-/file-saver-2.0.5.tgz",
			"integrity": "sha512-P9bmyZ3h/PRG+Nzga+rbdI4OEpNDzAVyy74uVO9ATgzLK6VtAsYybF/+TOCvrc0MO793d6+42lLyZTw7/ArVzA=="
		},
		"node_modules/vue-jsonp": {
			"version": "2.1.0",
			"resolved": "https://registry.npmjs.org/vue-jsonp/-/vue-jsonp-2.1.0.tgz",
			"integrity": "sha512-kezmjaAcMWdieO3tWxniC+82DitYUYjR1e2GsWIKHCTf+zhWUt2nPhN3dnmnAVhDQ+po3BspM7sKjiQaIhijUg=="
		}
	}
}
